version = 1
revision = 3
requires-python = ">=3.14"

[[package]]
name = "blacksheep"
version = "2.6.2"
source = { registry = "https://pypi.org/simple" }
dependencies = [
    { name = "certifi" },
    { name = "essentials" },
    { name = "essentials-openapi" },
    { name = "guardpost" },
    { name = "h11" },
    { name = "h2" },
    { name = "httptools", marker = "platform_python_implementation != 'PyPy'" },
    { name = "itsdangerous" },
    { name = "rodi" },
]
sdist = { url = "https://files.pythonhosted.org/packages/a1/d5/97017c4826096f49d941ccdd42ed3aec8af19f7c8fcccc8be14a86beedab/blacksheep-2.6.2.tar.gz", hash = "sha256:3f579dba3dea199e94a8a93f5869a2580f1d182424241ea11f04b5c0e5bab09e", size = 321474, upload-time = "2026-02-25T17:37:58.92Z" }
wheels = [
    { url = "https://files.pythonhosted.org/packages/a0/5e/63cc0a6b66f72b67d9c6a5df7b98d119c8aa1294bf3f7e0adb5130493c4f/blacksheep-2.6.2-cp314-cp314-macosx_10_15_universal2.whl", hash = "sha256:b269ee626632cc07eba1135983af9c107000419e66732373d2ebe41b39d45377", size = 2699755, upload-time = "2026-02-25T17:37:45.655Z" },
    { url = "https://files.pythonhosted.org/packages/a9/ed/02ae4539e3558a9a58ff827b59720849a491acb0bd6d9201705dc6f0a354/blacksheep-2.6.2-cp314-cp314-manylinux2014_aarch64.manylinux_2_17_aarch64.manylinux_2_28_aarch64.whl", hash = "sha256:292d085696bcca6ec8148e7a06b3f8629d9eb97eea5603d18192c83d58145f25", size = 5492749, upload-time = "2026-02-25T17:37:46.955Z" },
    { url = "https://files.pythonhosted.org/packages/94/59/05b6c6d6b4a69180894fa4eda285fb40c3b9985570cfc53adffe17e697bc/blacksheep-2.6.2-cp314-cp314-manylinux2014_x86_64.manylinux_2_17_x86_64.manylinux_2_28_x86_64.whl", hash = "sha256:490919c5d5e77c9b7d99245bbb23b2be06249a2f4be6dab572eafa54b4410f76", size = 5347238, upload-time = "2026-02-25T17:37:49.531Z" },
    { url = "https://files.pythonhosted.org/packages/52/e9/66c48bf1e76f46645a95c361ef30d81aef1c0488d0ffc847926d1a942dc9/blacksheep-2.6.2-cp314-cp314-musllinux_1_2_aarch64.whl", hash = "sha256:371823604ec9a616ca50666fc5ddc56ef455c0cdcfdb89ee80689bb0b520fc14", size = 5276461, upload-time = "2026-02-25T17:37:50.87Z" },
    { url = "https://files.pythonhosted.org/packages/19/7c/c0a99b80bb55280e17447344a4da1ba1969dcf9c0fb10143afbc12cb218e/blacksheep-2.6.2-cp314-cp314-musllinux_1_2_x86_64.whl", hash = "sha256:97818377c5dbec6591a94dbc84fe3339c0fbf5499d7335a5ed1bf4aea89cbe7a", size = 5228173, upload-time = "2026-02-25T17:37:52.578Z" },
    { url = "https://files.pythonhosted.org/packages/9d/5a/39dd936e65cf9575e86fc1f16a2d1f767ca24f03d6fd3a7f986aaf7bcf16/blacksheep-2.6.2-cp314-cp314-win_amd64.whl", hash = "sha256:de7c6a6bfe607f73852de03b035bcb9ad7e1e218f3a2fc0027ec48fcf5f2cb9e", size = 1918672, upload-time = "2026-02-25T17:37:53.826Z" },
    { url = "https://files.pythonhosted.org/packages/e5/d1/ed2161136a192f9fd44f84fef8bee8574b32e44366f48d365d9f931525ff/blacksheep-2.6.2-cp314-cp314-win_arm64.whl", hash = "sha256:67196e8ec7350beab6f0b6b4a59c79d56fa10df40e9e1e5beaa098bcb683cee1", size = 1836477, upload-time = "2026-02-25T17:37:55.988Z" },
    { url = "https://files.pythonhosted.org/packages/79/f8/12ba3b94473236343cfecd380474e3538ef7c5bdd010dd1b996ed4d1dde6/blacksheep-2.6.2-py3-none-any.whl", hash = "sha256:4d41610e92a9198834897d8db899037c3a43eb80a1fff2724348284a68b05dfb", size = 1378764, upload-time = "2026-02-25T17:37:57.561Z" },
]

[[package]]
name = "certifi"
version = "2026.5.20"
source = { registry = "https://pypi.org/simple" }
sdist = { url = "https://files.pythonhosted.org/packages/f3/ce/ee2ecad540810a79593028e88299baeae54d346cc7a0d94b6199988b89b1/certifi-2026.5.20.tar.gz", hash = "sha256:69dea482ab64caa7b9f6aba1c6bf48bb6a5448d1c0f1b17ab42ad8c763a5344d", size = 135422, upload-time = "2026-05-20T11:46:50.073Z" }
wheels = [
    { url = "https://files.pythonhosted.org/packages/59/8c/57e832b7af6d7c5abe66eb3fbe3a3a32f4d11ea23a1aa7131371035be991/certifi-2026.5.20-py3-none-any.whl", hash = "sha256:3c52e209ba0a4ad7aebe60436a4ab349c39e1e602e8c134221e546902ad25897", size = 134134, upload-time = "2026-05-20T11:46:48.578Z" },
]

[[package]]
name = "click"
version = "8.4.1"
source = { registry = "https://pypi.org/simple" }
dependencies = [
    { name = "colorama", marker = "sys_platform == 'win32'" },
]
sdist = { url = "https://files.pythonhosted.org/packages/9b/98/518d8e5081007684232226f475082b30087d0f585e8457db087298259f49/click-8.4.1.tar.gz", hash = "sha256:918b5633eddf6b41c32d4f454bf0de810065c74e3f7dbf8ee5452f8be88d3e96", size = 353007, upload-time = "2026-05-22T04:08:37.769Z" }
wheels = [
    { url = "https://files.pythonhosted.org/packages/c7/0d/67e5b4109ea4a837e80daa87c2c696711955e40449a97e8926672534def2/click-8.4.1-py3-none-any.whl", hash = "sha256:482be17c6991b8c19c5429a1e995d9b0efdbb63172824c41f99965dc0ade8ec2", size = 116639, upload-time = "2026-05-22T04:08:35.26Z" },
]

[[package]]
name = "colorama"
version = "0.4.6"
source = { registry = "https://pypi.org/simple" }
sdist = { url = "https://files.pythonhosted.org/packages/d8/53/6f443c9a4a8358a93a6792e2acffb9d9d5cb0a5cfd8802644b7b1c9a02e4/colorama-0.4.6.tar.gz", hash = "sha256:08695f5cb7ed6e0531a20572697297273c47b8cae5a63ffc6d6ed5c201be6e44", size = 27697, upload-time = "2022-10-25T02:36:22.414Z" }
wheels = [
    { url = "https://files.pythonhosted.org/packages/d1/d6/3965ed04c63042e047cb6a3e6ed1a63a35087b6a609aa3a15ed8ac56c221/colorama-0.4.6-py2.py3-none-any.whl", hash = "sha256:4f1d9991f5acc0ca119f9d443620b77f9d6b33703e51011c16baf57afb285fc6", size = 25335, upload-time = "2022-10-25T02:36:20.889Z" },
]

[[package]]
name = "essentials"
version = "1.1.9"
source = { registry = "https://pypi.org/simple" }
sdist = { url = "https://files.pythonhosted.org/packages/b6/ff/587c8789abad9c76ef2a5bf613c6d7922a0d09879e3eda1864d108f11b75/essentials-1.1.9.tar.gz", hash = "sha256:7fbea3a518cbeafe5374fb7e2ea2c15a109e8a7fd1eaab62ae87cbd1b3b1e8d0", size = 25068, upload-time = "2025-11-23T20:34:46.533Z" }
wheels = [
    { url = "https://files.pythonhosted.org/packages/50/8b/68aa342fa78931429ea09e6dc8d9ffa46fa36cfb0cf423e612d22365a9c2/essentials-1.1.9-py2.py3-none-any.whl", hash = "sha256:71ef161e0e27ef77cd6f5fc05e0b8688a575fcab870c01c95940f832e321dfbb", size = 16151, upload-time = "2025-11-23T20:34:45.025Z" },
]

[[package]]
name = "essentials-openapi"
version = "1.4.0"
source = { registry = "https://pypi.org/simple" }
dependencies = [
    { name = "essentials" },
    { name = "markupsafe" },
    { name = "pyyaml" },
]
sdist = { url = "https://files.pythonhosted.org/packages/76/d6/e1ddfdd454011e05d2c73f0f21b1ad6e1a8e125a36048f855a2374c4d46a/essentials_openapi-1.4.0.tar.gz", hash = "sha256:578c81501ccf6d18c0839d60636214fbd051f0ef37f1d207d4e3c92de2aac008", size = 37291, upload-time = "2026-03-07T09:33:44.989Z" }
wheels = [
    { url = "https://files.pythonhosted.org/packages/f3/6a/612ec427b5153f0d80dd9c344f80018bc1c7414e475a20efc0b89e1fe62e/essentials_openapi-1.4.0-py3-none-any.whl", hash = "sha256:86d879c32734248ad52482a90ee89a32883bce348b4edd323c01556b505b45b9", size = 57673, upload-time = "2026-03-07T09:33:43.828Z" },
]

[[package]]
name = "granian"
version = "2.7.4"
source = { registry = "https://pypi.org/simple" }
dependencies = [
    { name = "click" },
]
sdist = { url = "https://files.pythonhosted.org/packages/db/0c/27aa25280b6c1f323312e83088304da8a7f3e5c1e568d3a560365ec6fa67/granian-2.7.4.tar.gz", hash = "sha256:1dc0530d7ae6b0ae43aafafe771ac0b8c38af68bbd71ab355828817faf13aac1", size = 128212, upload-time = "2026-04-23T11:55:55.275Z" }
wheels = [
    { url = "https://files.pythonhosted.org/packages/98/5d/a0c3d8778cd8aa68131974d34c439a38a00a32953e71e3b549759a5e3cdb/granian-2.7.4-cp314-cp314-macosx_10_12_x86_64.whl", hash = "sha256:c19ebe797d7383cbb3497c599b8201af71f9fff6b18deaf9965d106f61588ab8", size = 6322736, upload-time = "2026-04-23T11:55:00.292Z" },
    { url = "https://files.pythonhosted.org/packages/5e/99/211da053030574f2402c750f3e3e5dc587f5192eac4888affe6ca8894a9f/granian-2.7.4-cp314-cp314-macosx_11_0_arm64.whl", hash = "sha256:4cee0bdba9179537669c2fa0afab2ce89327a372f1b2a82f280798da321c996c", size = 6052103, upload-time = "2026-04-23T11:55:02.797Z" },
    { url = "https://files.pythonhosted.org/packages/ab/9d/23ec1fd519a4c0db961b05d1821869ed6371cbaf8b3d3a0a85c04f89e6ca/granian-2.7.4-cp314-cp314-manylinux_2_17_armv7l.manylinux2014_armv7l.whl", hash = "sha256:a4bc5b54845bfb5f87537483f25c8f8e6003c3c1b4b0eadf6b93a432d0604265", size = 7000868, upload-time = "2026-04-23T11:55:04.826Z" },
    { url = "https://files.pythonhosted.org/packages/98/35/b8798c98c90d3293d9c85580ea6021f148d5ab73ab99d1f82a0e66f73131/granian-2.7.4-cp314-cp314-manylinux_2_17_i686.manylinux2014_i686.whl", hash = "sha256:b550fb98b89465c8192b6e506993de6bfb956838e715ffb58e944aec1afdae99", size = 6257266, upload-time = "2026-04-23T11:55:06.962Z" },
    { url = "https://files.pythonhosted.org/packages/6b/4f/5574db17193d90a5831120a0ce2a2dc64a711110ccb9af5a3630260c3597/granian-2.7.4-cp314-cp314-manylinux_2_17_x86_64.manylinux2014_x86_64.whl", hash = "sha256:d7100a6a6d3835fec2a207fef536a259dd42d9efdb5c46933cf6f9d55d5bfaad", size = 6849667, upload-time = "2026-04-23T11:55:08.862Z" },
    { url = "https://files.pythonhosted.org/packages/66/a7/90b85cc6a31cbee772fc8ee731479429a64169e389444a5fdd685d44a342/granian-2.7.4-cp314-cp314-manylinux_2_28_aarch64.whl", hash = "sha256:034ac1bfe8c19b5a7916d35a1ca426845db9ac11215f1b367566aec3b6530549", size = 6902612, upload-time = "2026-04-23T11:55:10.888Z" },
    { url = "https://files.pythonhosted.org/packages/06/6c/ba203ca40bd406db0412bca70281e44712f941bc6aafb59a628f4811d517/granian-2.7.4-cp314-cp314-musllinux_1_1_aarch64.whl", hash = "sha256:baf1c390a25d3d9840204c39e7b801c909e99e896ae2713d898c46b563cbf962", size = 6927025, upload-time = "2026-04-23T11:55:12.663Z" },
    { url = "https://files.pythonhosted.org/packages/ee/52/77e2abfba54523943eea275ebbe733a6d186fe646304fe25f6d22b243d03/granian-2.7.4-cp314-cp314-musllinux_1_1_armv7l.whl", hash = "sha256:3bb99778ae05c1118cd694717d025cc0b85f5ee81f60cbcb2a8783692798db96", size = 7146800, upload-time = "2026-04-23T11:55:14.459Z" },
    { url = "https://files.pythonhosted.org/packages/1d/66/7209201856b7de8d3c643ba87e11272c4d651c216d05ea3fcbdce0da4ab0/granian-2.7.4-cp314-cp314-musllinux_1_1_x86_64.whl", hash = "sha256:13f0a39872afa81c6aaa8e29832371fd831373140f1f04de459ff862824f488b", size = 6999983, upload-time = "2026-04-23T11:55:16.236Z" },
    { url = "https://files.pythonhosted.org/packages/c3/45/bd1e521284714615996dcee48dad47d8b97ca2767a7e7cccd392f25fc176/granian-2.7.4-cp314-cp314-win_amd64.whl", hash = "sha256:97b5aeec98a9c6c0695bf8f068bd03aca83fc17c0d977a9c3a2e57bb5f10d47e", size = 3989433, upload-time = "2026-04-23T11:55:17.774Z" },
    { url = "https://files.pythonhosted.org/packages/45/a2/609f8f0dca7f596b5fb6e57b988b4b8f4d6579724b2720933c379d43301a/granian-2.7.4-cp314-cp314t-macosx_10_12_x86_64.whl", hash = "sha256:a7b1aca6c654f0e61c9e493dd6d3ddb1698f47dc33ed04566a6635948b081b64", size = 6251034, upload-time = "2026-04-23T11:55:19.29Z" },
    { url = "https://files.pythonhosted.org/packages/4c/f5/2eefa8ff477cce7b119ed2fe97fc1f3b2d108397d4755e83a5198149f2c8/granian-2.7.4-cp314-cp314t-macosx_11_0_arm64.whl", hash = "sha256:d4e0c8cc6850dec7180a26b6805b2c4cdbac4c1c48077fd7857a3cd8ff342d9d", size = 5912772, upload-time = "2026-04-23T11:55:21.581Z" },
    { url = "https://files.pythonhosted.org/packages/ae/40/9a5070badaed4ceecf4082855985840c320f7232b8c1ddc93e1732c63265/granian-2.7.4-cp314-cp314t-manylinux_2_12_i686.manylinux2010_i686.whl", hash = "sha256:7e6b1f6e0fe873efa3393ef28803ff699a94254f2a7dc07422cc01d9849e2136", size = 6037318, upload-time = "2026-04-23T11:55:23.855Z" },
    { url = "https://files.pythonhosted.org/packages/95/52/1db412e63425cb12f5ca61877956583c6d12f21657b1a3e47eb3200e9c1b/granian-2.7.4-cp314-cp314t-manylinux_2_17_armv7l.manylinux2014_armv7l.whl", hash = "sha256:dce110217825cff60f68da83280bc20471b10e004e720fa94b845e01925d8698", size = 6962778, upload-time = "2026-04-23T11:55:26.095Z" },
    { url = "https://files.pythonhosted.org/packages/b4/f2/fcca39f617bf70e29ef903bb7a4d037970c637023484f2112d9ed6882516/granian-2.7.4-cp314-cp314t-manylinux_2_17_x86_64.manylinux2014_x86_64.whl", hash = "sha256:058f9a4ebfc7b9c2577569c6ecfd333628d0d045de272afaa65ee9933849778c", size = 6566618, upload-time = "2026-04-23T11:55:28.233Z" },
    { url = "https://files.pythonhosted.org/packages/ee/20/0da1bb552746d74275017e1ffc7fc419dd1a33345f132f6f5a90f9f41142/granian-2.7.4-cp314-cp314t-manylinux_2_28_aarch64.whl", hash = "sha256:7c05f74fa5b5dcedc9f035a7c10b8afd90a3d941975a370f1e07c3f3095dd883", size = 6670850, upload-time = "2026-04-23T11:55:29.945Z" },
    { url = "https://files.pythonhosted.org/packages/11/2a/d0d9cdb10d2760e2f47bd4600c8eef02e326f8f7e253a80ce4ba384265e6/granian-2.7.4-cp314-cp314t-musllinux_1_1_aarch64.whl", hash = "sha256:8b992bbc667e3c74de4ad48ac8d735c7cddf3f709fc2097f7dd230ecc46fd7b3", size = 6824752, upload-time = "2026-04-23T11:55:32.066Z" },
    { url = "https://files.pythonhosted.org/packages/3d/79/0432f92f9df6e54394e4dd1c159c0d4814d255a2d2541fa9a5c187d19152/granian-2.7.4-cp314-cp314t-musllinux_1_1_armv7l.whl", hash = "sha256:df05e0f85712b3e90ddf28cb8be358664b1afa8cb8f09978141ca70052dca3a7", size = 7130809, upload-time = "2026-04-23T11:55:33.807Z" },
    { url = "https://files.pythonhosted.org/packages/19/03/11cc0e08f59f03a3cd6a1fe46d7632a0f8690ef945a495b1303140bb7541/granian-2.7.4-cp314-cp314t-musllinux_1_1_x86_64.whl", hash = "sha256:dbc620f35b67cf6b03d2b6a24b9b442d1bf52961eaebadb2c3ff214d3d0c8dc4", size = 6845920, upload-time = "2026-04-23T11:55:35.583Z" },
    { url = "https://files.pythonhosted.org/packages/b4/49/bcbaaeec0f68d3d1a3dd1fdd21e4a6963d303ae18027c42b2b53f87d6b89/granian-2.7.4-cp314-cp314t-win_amd64.whl", hash = "sha256:b9df8aead4d71562753788264db23d32db34147bb73294ddd90833bef1f4cf35", size = 3981107, upload-time = "2026-04-23T11:55:37.597Z" },
]

[[package]]
name = "guardpost"
version = "1.1.0"
source = { registry = "https://pypi.org/simple" }
dependencies = [
    { name = "rodi" },
]
sdist = { url = "https://files.pythonhosted.org/packages/02/73/f396968fe9e40753cb87d364dfe67651d72aaeb293f35f36a20a2dac1435/guardpost-1.1.0.tar.gz", hash = "sha256:17f200cca570484e18e23a2aadcc9b6ded31c51672b52999f278901d4f6fe56c", size = 19340, upload-time = "2026-03-10T19:50:58.581Z" }
wheels = [
    { url = "https://files.pythonhosted.org/packages/cd/34/f5c334b0c74928b5e00ef081ebb1e5a71653d19f19a09f5e1c78c0954377/guardpost-1.1.0-py3-none-any.whl", hash = "sha256:dc003dc11e6bfd0d858fac2a255b850365611835838b44497e51faed04c96d74", size = 22980, upload-time = "2026-03-10T19:50:56.807Z" },
]

[[package]]
name = "h11"
version = "0.16.0"
source = { registry = "https://pypi.org/simple" }
sdist = { url = "https://files.pythonhosted.org/packages/01/ee/02a2c011bdab74c6fb3c75474d40b3052059d95df7e73351460c8588d963/h11-0.16.0.tar.gz", hash = "sha256:4e35b956cf45792e4caa5885e69fba00bdbc6ffafbfa020300e549b208ee5ff1", size = 101250, upload-time = "2025-04-24T03:35:25.427Z" }
wheels = [
    { url = "https://files.pythonhosted.org/packages/04/4b/29cac41a4d98d144bf5f6d33995617b185d14b22401f75ca86f384e87ff1/h11-0.16.0-py3-none-any.whl", hash = "sha256:63cf8bbe7522de3bf65932fda1d9c2772064ffb3dae62d55932da54b31cb6c86", size = 37515, upload-time = "2025-04-24T03:35:24.344Z" },
]

[[package]]
name = "h2"
version = "4.3.0"
source = { registry = "https://pypi.org/simple" }
dependencies = [
    { name = "hpack" },
    { name = "hyperframe" },
]
sdist = { url = "https://files.pythonhosted.org/packages/1d/17/afa56379f94ad0fe8defd37d6eb3f89a25404ffc71d4d848893d270325fc/h2-4.3.0.tar.gz", hash = "sha256:6c59efe4323fa18b47a632221a1888bd7fde6249819beda254aeca909f221bf1", size = 2152026, upload-time = "2025-08-23T18:12:19.778Z" }
wheels = [
    { url = "https://files.pythonhosted.org/packages/69/b2/119f6e6dcbd96f9069ce9a2665e0146588dc9f88f29549711853645e736a/h2-4.3.0-py3-none-any.whl", hash = "sha256:c438f029a25f7945c69e0ccf0fb951dc3f73a5f6412981daee861431b70e2bdd", size = 61779, upload-time = "2025-08-23T18:12:17.779Z" },
]

[[package]]
name = "hpack"
version = "4.1.0"
source = { registry = "https://pypi.org/simple" }
sdist = { url = "https://files.pythonhosted.org/packages/2c/48/71de9ed269fdae9c8057e5a4c0aa7402e8bb16f2c6e90b3aa53327b113f8/hpack-4.1.0.tar.gz", hash = "sha256:ec5eca154f7056aa06f196a557655c5b009b382873ac8d1e66e79e87535f1dca", size = 51276, upload-time = "2025-01-22T21:44:58.347Z" }
wheels = [
    { url = "https://files.pythonhosted.org/packages/07/c6/80c95b1b2b94682a72cbdbfb85b81ae2daffa4291fbfa1b1464502ede10d/hpack-4.1.0-py3-none-any.whl", hash = "sha256:157ac792668d995c657d93111f46b4535ed114f0c9c8d672271bbec7eae1b496", size = 34357, upload-time = "2025-01-22T21:44:56.92Z" },
]

[[package]]
name = "httptools"
version = "0.7.1"
source = { registry = "https://pypi.org/simple" }
sdist = { url = "https://files.pythonhosted.org/packages/b5/46/120a669232c7bdedb9d52d4aeae7e6c7dfe151e99dc70802e2fc7a5e1993/httptools-0.7.1.tar.gz", hash = "sha256:abd72556974f8e7c74a259655924a717a2365b236c882c3f6f8a45fe94703ac9", size = 258961, upload-time = "2025-10-10T03:55:08.559Z" }
wheels = [
    { url = "https://files.pythonhosted.org/packages/34/50/9d095fcbb6de2d523e027a2f304d4551855c2f46e0b82befd718b8b20056/httptools-0.7.1-cp314-cp314-macosx_10_13_universal2.whl", hash = "sha256:c08fe65728b8d70b6923ce31e3956f859d5e1e8548e6f22ec520a962c6757270", size = 203619, upload-time = "2025-10-10T03:54:54.321Z" },
    { url = "https://files.pythonhosted.org/packages/07/f0/89720dc5139ae54b03f861b5e2c55a37dba9a5da7d51e1e824a1f343627f/httptools-0.7.1-cp314-cp314-macosx_11_0_arm64.whl", hash = "sha256:7aea2e3c3953521c3c51106ee11487a910d45586e351202474d45472db7d72d3", size = 108714, upload-time = "2025-10-10T03:54:55.163Z" },
    { url = "https://files.pythonhosted.org/packages/b3/cb/eea88506f191fb552c11787c23f9a405f4c7b0c5799bf73f2249cd4f5228/httptools-0.7.1-cp314-cp314-manylinux1_x86_64.manylinux_2_28_x86_64.manylinux_2_5_x86_64.whl", hash = "sha256:0e68b8582f4ea9166be62926077a3334064d422cf08ab87d8b74664f8e9058e1", size = 472909, upload-time = "2025-10-10T03:54:56.056Z" },
    { url = "https://files.pythonhosted.org/packages/e0/4a/a548bdfae6369c0d078bab5769f7b66f17f1bfaa6fa28f81d6be6959066b/httptools-0.7.1-cp314-cp314-manylinux2014_aarch64.manylinux_2_17_aarch64.manylinux_2_28_aarch64.whl", hash = "sha256:df091cf961a3be783d6aebae963cc9b71e00d57fa6f149025075217bc6a55a7b", size = 470831, upload-time = "2025-10-10T03:54:57.219Z" },
    { url = "https://files.pythonhosted.org/packages/4d/31/14df99e1c43bd132eec921c2e7e11cda7852f65619bc0fc5bdc2d0cb126c/httptools-0.7.1-cp314-cp314-musllinux_1_2_aarch64.whl", hash = "sha256:f084813239e1eb403ddacd06a30de3d3e09a9b76e7894dcda2b22f8a726e9c60", size = 452631, upload-time = "2025-10-10T03:54:58.219Z" },
    { url = "https://files.pythonhosted.org/packages/22/d2/b7e131f7be8d854d48cb6d048113c30f9a46dca0c9a8b08fcb3fcd588cdc/httptools-0.7.1-cp314-cp314-musllinux_1_2_x86_64.whl", hash = "sha256:7347714368fb2b335e9063bc2b96f2f87a9ceffcd9758ac295f8bbcd3ffbc0ca", size = 452910, upload-time = "2025-10-10T03:54:59.366Z" },
    { url = "https://files.pythonhosted.org/packages/53/cf/878f3b91e4e6e011eff6d1fa9ca39f7eb17d19c9d7971b04873734112f30/httptools-0.7.1-cp314-cp314-win_amd64.whl", hash = "sha256:cfabda2a5bb85aa2a904ce06d974a3f30fb36cc63d7feaddec05d2050acede96", size = 88205, upload-time = "2025-10-10T03:55:00.389Z" },
]

[[package]]
name = "hyperframe"
version = "6.1.0"
source = { registry = "https://pypi.org/simple" }
sdist = { url = "https://files.pythonhosted.org/packages/02/e7/94f8232d4a74cc99514c13a9f995811485a6903d48e5d952771ef6322e30/hyperframe-6.1.0.tar.gz", hash = "sha256:f630908a00854a7adeabd6382b43923a4c4cd4b821fcb527e6ab9e15382a3b08", size = 26566, upload-time = "2025-01-22T21:41:49.302Z" }
wheels = [
    { url = "https://files.pythonhosted.org/packages/48/30/47d0bf6072f7252e6521f3447ccfa40b421b6824517f82854703d0f5a98b/hyperframe-6.1.0-py3-none-any.whl", hash = "sha256:b03380493a519fce58ea5af42e4a42317bf9bd425596f7a0835ffce80f1a42e5", size = 13007, upload-time = "2025-01-22T21:41:47.295Z" },
]

[[package]]
name = "iniconfig"
version = "2.3.0"
source = { registry = "https://pypi.org/simple" }
sdist = { url = "https://files.pythonhosted.org/packages/72/34/14ca021ce8e5dfedc35312d08ba8bf51fdd999c576889fc2c24cb97f4f10/iniconfig-2.3.0.tar.gz", hash = "sha256:c76315c77db068650d49c5b56314774a7804df16fee4402c1f19d6d15d8c4730", size = 20503, upload-time = "2025-10-18T21:55:43.219Z" }
wheels = [
    { url = "https://files.pythonhosted.org/packages/cb/b1/3846dd7f199d53cb17f49cba7e651e9ce294d8497c8c150530ed11865bb8/iniconfig-2.3.0-py3-none-any.whl", hash = "sha256:f631c04d2c48c52b84d0d0549c99ff3859c98df65b3101406327ecc7d53fbf12", size = 7484, upload-time = "2025-10-18T21:55:41.639Z" },
]

[[package]]
name = "itsdangerous"
version = "2.2.0"
source = { registry = "https://pypi.org/simple" }
sdist = { url = "https://files.pythonhosted.org/packages/9c/cb/8ac0172223afbccb63986cc25049b154ecfb5e85932587206f42317be31d/itsdangerous-2.2.0.tar.gz", hash = "sha256:e0050c0b7da1eea53ffaf149c0cfbb5c6e2e2b69c4bef22c81fa6eb73e5f6173", size = 54410, upload-time = "2024-04-16T21:28:15.614Z" }
wheels = [
    { url = "https://files.pythonhosted.org/packages/04/96/92447566d16df59b2a776c0fb82dbc4d9e07cd95062562af01e408583fc4/itsdangerous-2.2.0-py3-none-any.whl", hash = "sha256:c6242fc49e35958c8b15141343aa660db5fc54d4f13a1db01a3f5891b98700ef", size = 16234, upload-time = "2024-04-16T21:28:14.499Z" },
]

[[package]]
name = "markupsafe"
version = "3.0.3"
source = { registry = "https://pypi.org/simple" }
sdist = { url = "https://files.pythonhosted.org/packages/7e/99/7690b6d4034fffd95959cbe0c02de8deb3098cc577c67bb6a24fe5d7caa7/markupsafe-3.0.3.tar.gz", hash = "sha256:722695808f4b6457b320fdc131280796bdceb04ab50fe1795cd540799ebe1698", size = 80313, upload-time = "2025-09-27T18:37:40.426Z" }
wheels = [
    { url = "https://files.pythonhosted.org/packages/33/8a/8e42d4838cd89b7dde187011e97fe6c3af66d8c044997d2183fbd6d31352/markupsafe-3.0.3-cp314-cp314-macosx_10_13_x86_64.whl", hash = "sha256:eaa9599de571d72e2daf60164784109f19978b327a3910d3e9de8c97b5b70cfe", size = 11619, upload-time = "2025-09-27T18:37:06.342Z" },
    { url = "https://files.pythonhosted.org/packages/b5/64/7660f8a4a8e53c924d0fa05dc3a55c9cee10bbd82b11c5afb27d44b096ce/markupsafe-3.0.3-cp314-cp314-macosx_11_0_arm64.whl", hash = "sha256:c47a551199eb8eb2121d4f0f15ae0f923d31350ab9280078d1e5f12b249e0026", size = 12029, upload-time = "2025-09-27T18:37:07.213Z" },
    { url = "https://files.pythonhosted.org/packages/da/ef/e648bfd021127bef5fa12e1720ffed0c6cbb8310c8d9bea7266337ff06de/markupsafe-3.0.3-cp314-cp314-manylinux2014_aarch64.manylinux_2_17_aarch64.manylinux_2_28_aarch64.whl", hash = "sha256:f34c41761022dd093b4b6896d4810782ffbabe30f2d443ff5f083e0cbbb8c737", size = 24408, upload-time = "2025-09-27T18:37:09.572Z" },
    { url = "https://files.pythonhosted.org/packages/41/3c/a36c2450754618e62008bf7435ccb0f88053e07592e6028a34776213d877/markupsafe-3.0.3-cp314-cp314-manylinux2014_x86_64.manylinux_2_17_x86_64.manylinux_2_28_x86_64.whl", hash = "sha256:457a69a9577064c05a97c41f4e65148652db078a3a509039e64d3467b9e7ef97", size = 23005, upload-time = "2025-09-27T18:37:10.58Z" },
    { url = "https://files.pythonhosted.org/packages/bc/20/b7fdf89a8456b099837cd1dc21974632a02a999ec9bf7ca3e490aacd98e7/markupsafe-3.0.3-cp314-cp314-manylinux_2_31_riscv64.manylinux_2_39_riscv64.whl", hash = "sha256:e8afc3f2ccfa24215f8cb28dcf43f0113ac3c37c2f0f0806d8c70e4228c5cf4d", size = 22048, upload-time = "2025-09-27T18:37:11.547Z" },
    { url = "https://files.pythonhosted.org/packages/9a/a7/591f592afdc734f47db08a75793a55d7fbcc6902a723ae4cfbab61010cc5/markupsafe-3.0.3-cp314-cp314-musllinux_1_2_aarch64.whl", hash = "sha256:ec15a59cf5af7be74194f7ab02d0f59a62bdcf1a537677ce67a2537c9b87fcda", size = 23821, upload-time = "2025-09-27T18:37:12.48Z" },
    { url = "https://files.pythonhosted.org/packages/7d/33/45b24e4f44195b26521bc6f1a82197118f74df348556594bd2262bda1038/markupsafe-3.0.3-cp314-cp314-musllinux_1_2_riscv64.whl", hash = "sha256:0eb9ff8191e8498cca014656ae6b8d61f39da5f95b488805da4bb029cccbfbaf", size = 21606, upload-time = "2025-09-27T18:37:13.485Z" },
    { url = "https://files.pythonhosted.org/packages/ff/0e/53dfaca23a69fbfbbf17a4b64072090e70717344c52eaaaa9c5ddff1e5f0/markupsafe-3.0.3-cp314-cp314-musllinux_1_2_x86_64.whl", hash = "sha256:2713baf880df847f2bece4230d4d094280f4e67b1e813eec43b4c0e144a34ffe", size = 23043, upload-time = "2025-09-27T18:37:14.408Z" },
    { url = "https://files.pythonhosted.org/packages/46/11/f333a06fc16236d5238bfe74daccbca41459dcd8d1fa952e8fbd5dccfb70/markupsafe-3.0.3-cp314-cp314-win32.whl", hash = "sha256:729586769a26dbceff69f7a7dbbf59ab6572b99d94576a5592625d5b411576b9", size = 14747, upload-time = "2025-09-27T18:37:15.36Z" },
    { url = "https://files.pythonhosted.org/packages/28/52/182836104b33b444e400b14f797212f720cbc9ed6ba34c800639d154e821/markupsafe-3.0.3-cp314-cp314-win_amd64.whl", hash = "sha256:bdc919ead48f234740ad807933cdf545180bfbe9342c2bb451556db2ed958581", size = 15341, upload-time = "2025-09-27T18:37:16.496Z" },
    { url = "https://files.pythonhosted.org/packages/6f/18/acf23e91bd94fd7b3031558b1f013adfa21a8e407a3fdb32745538730382/markupsafe-3.0.3-cp314-cp314-win_arm64.whl", hash = "sha256:5a7d5dc5140555cf21a6fefbdbf8723f06fcd2f63ef108f2854de715e4422cb4", size = 14073, upload-time = "2025-09-27T18:37:17.476Z" },
    { url = "https://files.pythonhosted.org/packages/3c/f0/57689aa4076e1b43b15fdfa646b04653969d50cf30c32a102762be2485da/markupsafe-3.0.3-cp314-cp314t-macosx_10_13_x86_64.whl", hash = "sha256:1353ef0c1b138e1907ae78e2f6c63ff67501122006b0f9abad68fda5f4ffc6ab", size = 11661, upload-time = "2025-09-27T18:37:18.453Z" },
    { url = "https://files.pythonhosted.org/packages/89/c3/2e67a7ca217c6912985ec766c6393b636fb0c2344443ff9d91404dc4c79f/markupsafe-3.0.3-cp314-cp314t-macosx_11_0_arm64.whl", hash = "sha256:1085e7fbddd3be5f89cc898938f42c0b3c711fdcb37d75221de2666af647c175", size = 12069, upload-time = "2025-09-27T18:37:19.332Z" },
    { url = "https://files.pythonhosted.org/packages/f0/00/be561dce4e6ca66b15276e184ce4b8aec61fe83662cce2f7d72bd3249d28/markupsafe-3.0.3-cp314-cp314t-manylinux2014_aarch64.manylinux_2_17_aarch64.manylinux_2_28_aarch64.whl", hash = "sha256:1b52b4fb9df4eb9ae465f8d0c228a00624de2334f216f178a995ccdcf82c4634", size = 25670, upload-time = "2025-09-27T18:37:20.245Z" },
    { url = "https://files.pythonhosted.org/packages/50/09/c419f6f5a92e5fadde27efd190eca90f05e1261b10dbd8cbcb39cd8ea1dc/markupsafe-3.0.3-cp314-cp314t-manylinux2014_x86_64.manylinux_2_17_x86_64.manylinux_2_28_x86_64.whl", hash = "sha256:fed51ac40f757d41b7c48425901843666a6677e3e8eb0abcff09e4ba6e664f50", size = 23598, upload-time = "2025-09-27T18:37:21.177Z" },
    { url = "https://files.pythonhosted.org/packages/22/44/a0681611106e0b2921b3033fc19bc53323e0b50bc70cffdd19f7d679bb66/markupsafe-3.0.3-cp314-cp314t-manylinux_2_31_riscv64.manylinux_2_39_riscv64.whl", hash = "sha256:f190daf01f13c72eac4efd5c430a8de82489d9cff23c364c3ea822545032993e", size = 23261, upload-time = "2025-09-27T18:37:22.167Z" },
    { url = "https://files.pythonhosted.org/packages/5f/57/1b0b3f100259dc9fffe780cfb60d4be71375510e435efec3d116b6436d43/markupsafe-3.0.3-cp314-cp314t-musllinux_1_2_aarch64.whl", hash = "sha256:e56b7d45a839a697b5eb268c82a71bd8c7f6c94d6fd50c3d577fa39a9f1409f5", size = 24835, upload-time = "2025-09-27T18:37:23.296Z" },
    { url = "https://files.pythonhosted.org/packages/26/6a/4bf6d0c97c4920f1597cc14dd720705eca0bf7c787aebc6bb4d1bead5388/markupsafe-3.0.3-cp314-cp314t-musllinux_1_2_riscv64.whl", hash = "sha256:f3e98bb3798ead92273dc0e5fd0f31ade220f59a266ffd8a4f6065e0a3ce0523", size = 22733, upload-time = "2025-09-27T18:37:24.237Z" },
    { url = "https://files.pythonhosted.org/packages/14/c7/ca723101509b518797fedc2fdf79ba57f886b4aca8a7d31857ba3ee8281f/markupsafe-3.0.3-cp314-cp314t-musllinux_1_2_x86_64.whl", hash = "sha256:5678211cb9333a6468fb8d8be0305520aa073f50d17f089b5b4b477ea6e67fdc", size = 23672, upload-time = "2025-09-27T18:37:25.271Z" },
    { url = "https://files.pythonhosted.org/packages/fb/df/5bd7a48c256faecd1d36edc13133e51397e41b73bb77e1a69deab746ebac/markupsafe-3.0.3-cp314-cp314t-win32.whl", hash = "sha256:915c04ba3851909ce68ccc2b8e2cd691618c4dc4c4232fb7982bca3f41fd8c3d", size = 14819, upload-time = "2025-09-27T18:37:26.285Z" },
    { url = "https://files.pythonhosted.org/packages/1a/8a/0402ba61a2f16038b48b39bccca271134be00c5c9f0f623208399333c448/markupsafe-3.0.3-cp314-cp314t-win_amd64.whl", hash = "sha256:4faffd047e07c38848ce017e8725090413cd80cbc23d86e55c587bf979e579c9", size = 15426, upload-time = "2025-09-27T18:37:27.316Z" },
    { url = "https://files.pythonhosted.org/packages/70/bc/6f1c2f612465f5fa89b95bead1f44dcb607670fd42891d8fdcd5d039f4f4/markupsafe-3.0.3-cp314-cp314t-win_arm64.whl", hash = "sha256:32001d6a8fc98c8cb5c947787c5d08b0a50663d139f1305bac5885d98d9b40fa", size = 14146, upload-time = "2025-09-27T18:37:28.327Z" },
]

[[package]]
name = "packaging"
version = "26.2"
source = { registry = "https://pypi.org/simple" }
sdist = { url = "https://files.pythonhosted.org/packages/d7/f1/e7a6dd94a8d4a5626c03e4e99c87f241ba9e350cd9e6d75123f992427270/packaging-26.2.tar.gz", hash = "sha256:ff452ff5a3e828ce110190feff1178bb1f2ea2281fa2075aadb987c2fb221661", size = 228134, upload-time = "2026-04-24T20:15:23.917Z" }
wheels = [
    { url = "https://files.pythonhosted.org/packages/df/b2/87e62e8c3e2f4b32e5fe99e0b86d576da1312593b39f47d8ceef365e95ed/packaging-26.2-py3-none-any.whl", hash = "sha256:5fc45236b9446107ff2415ce77c807cee2862cb6fac22b8a73826d0693b0980e", size = 100195, upload-time = "2026-04-24T20:15:22.081Z" },
]

[[package]]
name = "pluggy"
version = "1.6.0"
source = { registry = "https://pypi.org/simple" }
sdist = { url = "https://files.pythonhosted.org/packages/f9/e2/3e91f31a7d2b083fe6ef3fa267035b518369d9511ffab804f839851d2779/pluggy-1.6.0.tar.gz", hash = "sha256:7dcc130b76258d33b90f61b658791dede3486c3e6bfb003ee5c9bfb396dd22f3", size = 69412, upload-time = "2025-05-15T12:30:07.975Z" }
wheels = [
    { url = "https://files.pythonhosted.org/packages/54/20/4d324d65cc6d9205fabedc306948156824eb9f0ee1633355a8f7ec5c66bf/pluggy-1.6.0-py3-none-any.whl", hash = "sha256:e920276dd6813095e9377c0bc5566d94c932c33b27a3e3945d8389c374dd4746", size = 20538, upload-time = "2025-05-15T12:30:06.134Z" },
]

[[package]]
name = "pygments"
version = "2.20.0"
source = { registry = "https://pypi.org/simple" }
sdist = { url = "https://files.pythonhosted.org/packages/c3/b2/bc9c9196916376152d655522fdcebac55e66de6603a76a02bca1b6414f6c/pygments-2.20.0.tar.gz", hash = "sha256:6757cd03768053ff99f3039c1a36d6c0aa0b263438fcab17520b30a303a82b5f", size = 4955991, upload-time = "2026-03-29T13:29:33.898Z" }
wheels = [
    { url = "https://files.pythonhosted.org/packages/f4/7e/a72dd26f3b0f4f2bf1dd8923c85f7ceb43172af56d63c7383eb62b332364/pygments-2.20.0-py3-none-any.whl", hash = "sha256:81a9e26dd42fd28a23a2d169d86d7ac03b46e2f8b59ed4698fb4785f946d0176", size = 1231151, upload-time = "2026-03-29T13:29:30.038Z" },
]

[[package]]
name = "pytest"
version = "9.0.3"
source = { registry = "https://pypi.org/simple" }
dependencies = [
    { name = "colorama", marker = "sys_platform == 'win32'" },
    { name = "iniconfig" },
    { name = "packaging" },
    { name = "pluggy" },
    { name = "pygments" },
]
sdist = { url = "https://files.pythonhosted.org/packages/7d/0d/549bd94f1a0a402dc8cf64563a117c0f3765662e2e668477624baeec44d5/pytest-9.0.3.tar.gz", hash = "sha256:b86ada508af81d19edeb213c681b1d48246c1a91d304c6c81a427674c17eb91c", size = 1572165, upload-time = "2026-04-07T17:16:18.027Z" }
wheels = [
    { url = "https://files.pythonhosted.org/packages/d4/24/a372aaf5c9b7208e7112038812994107bc65a84cd00e0354a88c2c77a617/pytest-9.0.3-py3-none-any.whl", hash = "sha256:2c5efc453d45394fdd706ade797c0a81091eccd1d6e4bccfcd476e2b8e0ab5d9", size = 375249, upload-time = "2026-04-07T17:16:16.13Z" },
]

[[package]]
name = "pytest-asyncio"
version = "1.3.0"
source = { registry = "https://pypi.org/simple" }
dependencies = [
    { name = "pytest" },
]
sdist = { url = "https://files.pythonhosted.org/packages/90/2c/8af215c0f776415f3590cac4f9086ccefd6fd463befeae41cd4d3f193e5a/pytest_asyncio-1.3.0.tar.gz", hash = "sha256:d7f52f36d231b80ee124cd216ffb19369aa168fc10095013c6b014a34d3ee9e5", size = 50087, upload-time = "2025-11-10T16:07:47.256Z" }
wheels = [
    { url = "https://files.pythonhosted.org/packages/e5/35/f8b19922b6a25bc0880171a2f1a003eaeb93657475193ab516fd87cac9da/pytest_asyncio-1.3.0-py3-none-any.whl", hash = "sha256:611e26147c7f77640e6d0a92a38ed17c3e9848063698d5c93d5aa7aa11cebff5", size = 15075, upload-time = "2025-11-10T16:07:45.537Z" },
]

[[package]]
name = "pyyaml"
version = "6.0.3"
source = { registry = "https://pypi.org/simple" }
sdist = { url = "https://files.pythonhosted.org/packages/05/8e/961c0007c59b8dd7729d542c61a4d537767a59645b82a0b521206e1e25c2/pyyaml-6.0.3.tar.gz", hash = "sha256:d76623373421df22fb4cf8817020cbb7ef15c725b9d5e45f17e189bfc384190f", size = 130960, upload-time = "2025-09-25T21:33:16.546Z" }
wheels = [
    { url = "https://files.pythonhosted.org/packages/9d/8c/f4bd7f6465179953d3ac9bc44ac1a8a3e6122cf8ada906b4f96c60172d43/pyyaml-6.0.3-cp314-cp314-macosx_10_13_x86_64.whl", hash = "sha256:8d1fab6bb153a416f9aeb4b8763bc0f22a5586065f86f7664fc23339fc1c1fac", size = 181814, upload-time = "2025-09-25T21:32:35.712Z" },
    { url = "https://files.pythonhosted.org/packages/bd/9c/4d95bb87eb2063d20db7b60faa3840c1b18025517ae857371c4dd55a6b3a/pyyaml-6.0.3-cp314-cp314-macosx_11_0_arm64.whl", hash = "sha256:34d5fcd24b8445fadc33f9cf348c1047101756fd760b4dacb5c3e99755703310", size = 173809, upload-time = "2025-09-25T21:32:36.789Z" },
    { url = "https://files.pythonhosted.org/packages/92/b5/47e807c2623074914e29dabd16cbbdd4bf5e9b2db9f8090fa64411fc5382/pyyaml-6.0.3-cp314-cp314-manylinux2014_aarch64.manylinux_2_17_aarch64.manylinux_2_28_aarch64.whl", hash = "sha256:501a031947e3a9025ed4405a168e6ef5ae3126c59f90ce0cd6f2bfc477be31b7", size = 766454, upload-time = "2025-09-25T21:32:37.966Z" },
    { url = "https://files.pythonhosted.org/packages/02/9e/e5e9b168be58564121efb3de6859c452fccde0ab093d8438905899a3a483/pyyaml-6.0.3-cp314-cp314-manylinux2014_s390x.manylinux_2_17_s390x.manylinux_2_28_s390x.whl", hash = "sha256:b3bc83488de33889877a0f2543ade9f70c67d66d9ebb4ac959502e12de895788", size = 836355, upload-time = "2025-09-25T21:32:39.178Z" },
    { url = "https://files.pythonhosted.org/packages/88/f9/16491d7ed2a919954993e48aa941b200f38040928474c9e85ea9e64222c3/pyyaml-6.0.3-cp314-cp314-manylinux2014_x86_64.manylinux_2_17_x86_64.manylinux_2_28_x86_64.whl", hash = "sha256:c458b6d084f9b935061bc36216e8a69a7e293a2f1e68bf956dcd9e6cbcd143f5", size = 794175, upload-time = "2025-09-25T21:32:40.865Z" },
    { url = "https://files.pythonhosted.org/packages/dd/3f/5989debef34dc6397317802b527dbbafb2b4760878a53d4166579111411e/pyyaml-6.0.3-cp314-cp314-musllinux_1_2_aarch64.whl", hash = "sha256:7c6610def4f163542a622a73fb39f534f8c101d690126992300bf3207eab9764", size = 755228, upload-time = "2025-09-25T21:32:42.084Z" },
    { url = "https://files.pythonhosted.org/packages/d7/ce/af88a49043cd2e265be63d083fc75b27b6ed062f5f9fd6cdc223ad62f03e/pyyaml-6.0.3-cp314-cp314-musllinux_1_2_x86_64.whl", hash = "sha256:5190d403f121660ce8d1d2c1bb2ef1bd05b5f68533fc5c2ea899bd15f4399b35", size = 789194, upload-time = "2025-09-25T21:32:43.362Z" },
    { url = "https://files.pythonhosted.org/packages/23/20/bb6982b26a40bb43951265ba29d4c246ef0ff59c9fdcdf0ed04e0687de4d/pyyaml-6.0.3-cp314-cp314-win_amd64.whl", hash = "sha256:4a2e8cebe2ff6ab7d1050ecd59c25d4c8bd7e6f400f5f82b96557ac0abafd0ac", size = 156429, upload-time = "2025-09-25T21:32:57.844Z" },
    { url = "https://files.pythonhosted.org/packages/f4/f4/a4541072bb9422c8a883ab55255f918fa378ecf083f5b85e87fc2b4eda1b/pyyaml-6.0.3-cp314-cp314-win_arm64.whl", hash = "sha256:93dda82c9c22deb0a405ea4dc5f2d0cda384168e466364dec6255b293923b2f3", size = 143912, upload-time = "2025-09-25T21:32:59.247Z" },
    { url = "https://files.pythonhosted.org/packages/7c/f9/07dd09ae774e4616edf6cda684ee78f97777bdd15847253637a6f052a62f/pyyaml-6.0.3-cp314-cp314t-macosx_10_13_x86_64.whl", hash = "sha256:02893d100e99e03eda1c8fd5c441d8c60103fd175728e23e431db1b589cf5ab3", size = 189108, upload-time = "2025-09-25T21:32:44.377Z" },
    { url = "https://files.pythonhosted.org/packages/4e/78/8d08c9fb7ce09ad8c38ad533c1191cf27f7ae1effe5bb9400a46d9437fcf/pyyaml-6.0.3-cp314-cp314t-macosx_11_0_arm64.whl", hash = "sha256:c1ff362665ae507275af2853520967820d9124984e0f7466736aea23d8611fba", size = 183641, upload-time = "2025-09-25T21:32:45.407Z" },
    { url = "https://files.pythonhosted.org/packages/7b/5b/3babb19104a46945cf816d047db2788bcaf8c94527a805610b0289a01c6b/pyyaml-6.0.3-cp314-cp314t-manylinux2014_aarch64.manylinux_2_17_aarch64.manylinux_2_28_aarch64.whl", hash = "sha256:6adc77889b628398debc7b65c073bcb99c4a0237b248cacaf3fe8a557563ef6c", size = 831901, upload-time = "2025-09-25T21:32:48.83Z" },
    { url = "https://files.pythonhosted.org/packages/8b/cc/dff0684d8dc44da4d22a13f35f073d558c268780ce3c6ba1b87055bb0b87/pyyaml-6.0.3-cp314-cp314t-manylinux2014_s390x.manylinux_2_17_s390x.manylinux_2_28_s390x.whl", hash = "sha256:a80cb027f6b349846a3bf6d73b5e95e782175e52f22108cfa17876aaeff93702", size = 861132, upload-time = "2025-09-25T21:32:50.149Z" },
    { url = "https://files.pythonhosted.org/packages/b1/5e/f77dc6b9036943e285ba76b49e118d9ea929885becb0a29ba8a7c75e29fe/pyyaml-6.0.3-cp314-cp314t-manylinux2014_x86_64.manylinux_2_17_x86_64.manylinux_2_28_x86_64.whl", hash = "sha256:00c4bdeba853cc34e7dd471f16b4114f4162dc03e6b7afcc2128711f0eca823c", size = 839261, upload-time = "2025-09-25T21:32:51.808Z" },
    { url = "https://files.pythonhosted.org/packages/ce/88/a9db1376aa2a228197c58b37302f284b5617f56a5d959fd1763fb1675ce6/pyyaml-6.0.3-cp314-cp314t-musllinux_1_2_aarch64.whl", hash = "sha256:66e1674c3ef6f541c35191caae2d429b967b99e02040f5ba928632d9a7f0f065", size = 805272, upload-time = "2025-09-25T21:32:52.941Z" },
    { url = "https://files.pythonhosted.org/packages/da/92/1446574745d74df0c92e6aa4a7b0b3130706a4142b2d1a5869f2eaa423c6/pyyaml-6.0.3-cp314-cp314t-musllinux_1_2_x86_64.whl", hash = "sha256:16249ee61e95f858e83976573de0f5b2893b3677ba71c9dd36b9cf8be9ac6d65", size = 829923, upload-time = "2025-09-25T21:32:54.537Z" },
    { url = "https://files.pythonhosted.org/packages/f0/7a/1c7270340330e575b92f397352af856a8c06f230aa3e76f86b39d01b416a/pyyaml-6.0.3-cp314-cp314t-win_amd64.whl", hash = "sha256:4ad1906908f2f5ae4e5a8ddfce73c320c2a1429ec52eafd27138b7f1cbe341c9", size = 174062, upload-time = "2025-09-25T21:32:55.767Z" },
    { url = "https://files.pythonhosted.org/packages/f1/12/de94a39c2ef588c7e6455cfbe7343d3b2dc9d6b6b2f40c4c6565744c873d/pyyaml-6.0.3-cp314-cp314t-win_arm64.whl", hash = "sha256:ebc55a14a21cb14062aa4162f906cd962b28e2e9ea38f9b4391244cd8de4ae0b", size = 149341, upload-time = "2025-09-25T21:32:56.828Z" },
]

[[package]]
name = "rodi"
version = "2.0.8"
source = { registry = "https://pypi.org/simple" }
sdist = { url = "https://files.pythonhosted.org/packages/28/5c/2d914ad5f15bbd1cbf8589db4ec18a4b23806cbfa543f7ff91bacdf937f7/rodi-2.0.8.tar.gz", hash = "sha256:de122527dc6c0dd2d28bf57ac425b9dd22e37535fb1d7d22eadab0a079edcbe4", size = 13961, upload-time = "2025-04-12T09:10:37.708Z" }
wheels = [
    { url = "https://files.pythonhosted.org/packages/71/2b/95b00bd0c37cae49d8d3ec6313799260ac5788763a7c64015685190ea4e2/rodi-2.0.8-py3-none-any.whl", hash = "sha256:78a4ee6a29b4a4ce5d7474e3585149b3e78d613dc0cd2a10719b7a7f0f30ca05", size = 12713, upload-time = "2025-04-12T09:10:36.455Z" },
]

[[package]]
name = "seaweedfs-s3-event-notifier"
version = "0.1.0"
source = { virtual = "." }
dependencies = [
    { name = "blacksheep" },
    { name = "granian" },
]

[package.dev-dependencies]
dev = [
    { name = "pytest" },
    { name = "pytest-asyncio" },
]

[package.metadata]
requires-dist = [
    { name = "blacksheep", specifier = ">=2.6.2" },
    { name = "granian", specifier = ">=2.7.4" },
]

[package.metadata.requires-dev]
dev = [
    { name = "pytest", specifier = ">=9.0.3" },
    { name = "pytest-asyncio", specifier = ">=1.3.0" },
]
